
Microsoft Visual Studio Solution File, Format Version 12.00
# Visual Studio Version 17
VisualStudioVersion = 17.1.32210.238
MinimumVisualStudioVersion = 10.0.40219.1
Project("{8BC9CEB8-8B4A-11D0-8D11-00A0C91BC942}") = "多项式ADT(链表)", "多项式ADT(链表)\多项式ADT(链表).vcxproj", "{751BD549-8F46-4E30-A8C3-9F51BF834801}"
EndProject
Global
	GlobalSection(SolutionConfigurationPlatforms) = preSolution
		Debug|x64 = Debug|x64
		Debug|x86 = Debug|x86
		Release|x64 = Release|x64
		Release|x86 = Release|x86
	EndGlobalSection
	GlobalSection(ProjectConfigurationPlatforms) = postSolution
		{751BD549-8F46-4E30-A8C3-9F51BF834801}.Debug|x64.ActiveCfg = Debug|x64
		{751BD549-8F46-4E30-A8C3-9F51BF834801}.Debug|x64.Build.0 = Debug|x64
		{751BD549-8F46-4E30-A8C3-9F51BF834801}.Debug|x86.ActiveCfg = Debug|Win32
		{751BD549-8F46-4E30-A8C3-9F51BF834801}.Debug|x86.Build.0 = Debug|Win32
		{751BD549-8F46-4E30-A8C3-9F51BF834801}.Release|x64.ActiveCfg = Release|x64
		{751BD549-8F46-4E30-A8C3-9F51BF834801}.Release|x64.Build.0 = Release|x64
		{751BD549-8F46-4E30-A8C3-9F51BF834801}.Release|x86.ActiveCfg = Release|Win32
		{751BD549-8F46-4E30-A8C3-9F51BF834801}.Release|x86.Build.0 = Release|Win32
	EndGlobalSection
	GlobalSection(SolutionProperties) = preSolution
		HideSolutionNode = FALSE
	EndGlobalSection
	GlobalSection(ExtensibilityGlobals) = postSolution
		SolutionGuid = {14EBF559-FF4E-4B35-9F6F-AD2F1F73DFCF}
	EndGlobalSection
EndGlobal
